
Microsoft Visual Studio Solution File, Format Version 12.00
# Visual Studio Version 17
VisualStudioVersion = 17.4.33213.308
MinimumVisualStudioVersion = 10.0.40219.1
Project("{FAE04EC0-301F-11D3-BF4B-00C04F79EFBC}") = "Switch_dias", "Switch_dias.csproj", "{0DC40B34-0742-4FBC-B152-8431FB83637C}"
EndProject
Global
	GlobalSection(SolutionConfigurationPlatforms) = preSolution
		Debug|Any CPU = Debug|Any CPU
		Release|Any CPU = Release|Any CPU
	EndGlobalSection
	GlobalSection(ProjectConfigurationPlatforms) = postSolution
		{0DC40B34-0742-4FBC-B152-8431FB83637C}.Debug|Any CPU.ActiveCfg = Debug|Any CPU
		{0DC40B34-0742-4FBC-B152-8431FB83637C}.Debug|Any CPU.Build.0 = Debug|Any CPU
		{0DC40B34-0742-4FBC-B152-8431FB83637C}.Release|Any CPU.ActiveCfg = Release|Any CPU
		{0DC40B34-0742-4FBC-B152-8431FB83637C}.Release|Any CPU.Build.0 = Release|Any CPU
	EndGlobalSection
	GlobalSection(SolutionProperties) = preSolution
		HideSolutionNode = FALSE
	EndGlobalSection
	GlobalSection(ExtensibilityGlobals) = postSolution
		SolutionGuid = {DF7E1488-24FB-4C09-B087-303467EC6DFE}
	EndGlobalSection
EndGlobal
